PODS:
  - AMap3DMap (6.9.0):
    - AMapFoundation (~> 1.5)
  - AMapFoundation (1.5.7)
  - AMapNavi (6.9.1):
    - AMap3DMap (~> 6.7)
    - AMapFoundation (~> 1.5)
  - BaiduMapKit (4.3.2)
  - Bugly (2.5.0)
  - UMCCommon (2.1.1)
  - UMCCommonLog (1.0.0)
  - UMCSecurityPlugins (1.0.6)
  - UMCShare/Core (6.9.6):
    - UMCCommon
  - UMCShare/Social/QQ (6.9.6):
    - UMCCommon
    - UMCShare/Core
    - UMCShare/Social/ReducedQQ
  - UMCShare/Social/ReducedQQ (6.9.6):
    - UMCCommon
    - UMCShare/Core
  - UMCShare/Social/ReducedWeChat (6.9.6):
    - UMCCommon
    - UMCShare/Core
  - UMCShare/Social/WeChat (6.9.6):
    - UMCCommon
    - UMCShare/Core
    - UMCShare/Social/ReducedWeChat
  - UMCShare/UI (6.9.6):
    - UMCCommon
    - UMCShare/Core

DEPENDENCIES:
  - AMapNavi
  - BaiduMapKit (= 4.3.2)
  - Bugly
  - UMCCommon
  - UMCCommonLog
  - UMCSecurityPlugins
  - UMCShare/Social/QQ
  - UMCShare/Social/ReducedQQ
  - UMCShare/Social/ReducedWeChat
  - UMCShare/Social/WeChat
  - UMCShare/UI

SPEC REPOS:
  https://github.com/cocoapods/specs.git:
    - AMap3DMap
    - AMapFoundation
    - AMapNavi
    - BaiduMapKit
    - Bugly
    - UMCCommon
    - UMCCommonLog
    - UMCSecurityPlugins
    - UMCShare

SPEC CHECKSUMS:
  AMap3DMap: c80b264f08f179d9b0949b84c65fc1a51dec9d6f
  AMapFoundation: 216d58448c80356434ac4332250a8fdb2f5c4d1e
  AMapNavi: 7e7c6ab0b9ad45ddba19297901d63236ff4be710
  BaiduMapKit: a5d9580553355d39a91b24c5eb91ebf298c64038
  Bugly: 3ca9f255c01025582df26f9222893b383c7e4b4e
  UMCCommon: 971f324a5a99c9d662ae040a815e7e3d7ef8b2a8
  UMCCommonLog: 05a2d5de21858e3d870551562cff405c1366d244
  UMCSecurityPlugins: 0831a08f3988f3cea9f1d3a7626cd9bee4fef150
  UMCShare: e0cef55c0fd6051254c8cda1d0630eb578b27bad

PODFILE CHECKSUM: d7f98f1658a1fd6d0ec7d9bc86e3533cf93a7ae2

COCOAPODS: 1.5.3
